# THIS IS AN AUTOGENERATED FILE. DO NOT EDIT THIS FILE DIRECTLY.
# yarn lockfile v1


"@babel/runtime@^7.7.6":
  "integrity" "sha512-hzeyJyMA1YGdJTuWU0e/j4wKXrU4OMFvY2MSlaI9B7VQb0r5cxTE3EAIS2Q7Tn2RIcDkRvTA/v2JsAEhxe99uw=="
  "resolved" "https://registry.npmjs.org/@babel/runtime/-/runtime-7.17.2.tgz"
  "version" "7.17.2"
  dependencies:
    "regenerator-runtime" "^0.13.4"

"@hotwired/stimulus@^3.0.1":
  "integrity" "sha512-oHsJhgY2cip+K2ED7vKUNd2P+BEswVhrCYcJ802DSsblJFv7mPFVk3cQKvm2vHgHeDVdnj7oOKrBbzp1u8D+KA=="
  "resolved" "https://registry.npmjs.org/@hotwired/stimulus/-/stimulus-3.0.1.tgz"
  "version" "3.0.1"

"@hotwired/turbo-rails@^7.1.1":
  "integrity" "sha512-ZXpxUjCfkdbuXfoGrsFK80qsVzACs8xCfie9rt2jMTSN6o1olXVA0Nrk8u02yNEwSiVJm/4QSOa8cUcMj6VQjg=="
  "resolved" "https://registry.npmjs.org/@hotwired/turbo-rails/-/turbo-rails-7.1.1.tgz"
  "version" "7.1.1"
  dependencies:
    "@hotwired/turbo" "^7.1.0"
    "@rails/actioncable" "^7.0"

"@hotwired/turbo@^7.1.0":
  "integrity" "sha512-Q8kGjqwPqER+CtpQudbH+3Zgs2X4zb6pBAlr6NsKTXadg45pAOvxI9i4QpuHbwSzR2+x87HUm+rot9F/Pe8rxA=="
  "resolved" "https://registry.npmjs.org/@hotwired/turbo/-/turbo-7.1.0.tgz"
  "version" "7.1.0"

"@rails/actioncable@^7.0":
  "integrity" "sha512-G26maXW1Kx0LxQdmNNuNjQlRO/QlXNr3QfuwKiOKb5FZQGYe2OwtHTGXBAjSoiu4dW36XYMT/+L1Wo1Yov4ZXA=="
  "resolved" "https://registry.npmjs.org/@rails/actioncable/-/actioncable-7.0.2.tgz"
  "version" "7.0.2"

"esbuild-linux-64@0.14.25":
  "integrity" "sha512-+aKHdHZmX9qwVlQmu5xYXh7GsBFf4TWrePgeJTalhXHOG7NNuUwoHmketGiZEoNsWyyqwH9rE5BC+iwcLY30Ug=="
  "resolved" "https://registry.npmjs.org/esbuild-linux-64/-/esbuild-linux-64-0.14.25.tgz"
  "version" "0.14.25"

"esbuild@^0.14.25":
  "integrity" "sha512-4JHEIOMNFvK09ziiL+iVmldIhLbn49V4NAVo888tcGFKedEZY/Y8YapfStJ6zSE23tzYPKxqKwQBnQoIO0BI/Q=="
  "resolved" "https://registry.npmjs.org/esbuild/-/esbuild-0.14.25.tgz"
  "version" "0.14.25"
  optionalDependencies:
    "esbuild-android-64" "0.14.25"
    "esbuild-android-arm64" "0.14.25"
    "esbuild-darwin-64" "0.14.25"
    "esbuild-darwin-arm64" "0.14.25"
    "esbuild-freebsd-64" "0.14.25"
    "esbuild-freebsd-arm64" "0.14.25"
    "esbuild-linux-32" "0.14.25"
    "esbuild-linux-64" "0.14.25"
    "esbuild-linux-arm" "0.14.25"
    "esbuild-linux-arm64" "0.14.25"
    "esbuild-linux-mips64le" "0.14.25"
    "esbuild-linux-ppc64le" "0.14.25"
    "esbuild-linux-riscv64" "0.14.25"
    "esbuild-linux-s390x" "0.14.25"
    "esbuild-netbsd-64" "0.14.25"
    "esbuild-openbsd-64" "0.14.25"
    "esbuild-sunos-64" "0.14.25"
    "esbuild-windows-32" "0.14.25"
    "esbuild-windows-64" "0.14.25"
    "esbuild-windows-arm64" "0.14.25"

"history@^5.2.0":
  "integrity" "sha512-ZqaKwjjrAYUYfLG+htGaIIZ4nioX2L70ZUMIFysS3xvBsSG4x/n1V6TXV3N8ZYNuFGlDirFg32T7B6WOUPDYcQ=="
  "resolved" "https://registry.npmjs.org/history/-/history-5.3.0.tgz"
  "version" "5.3.0"
  dependencies:
    "@babel/runtime" "^7.7.6"

"js-tokens@^3.0.0 || ^4.0.0":
  "integrity" "sha512-RdJUflcE3cUzKiMqQgsCu06FPu9UdIJO0beYbPhHN4k6apgJtifcoCtT9bcxOpYBtpD2kCM6Sbzg4CausW/PKQ=="
  "resolved" "https://registry.npmjs.org/js-tokens/-/js-tokens-4.0.0.tgz"
  "version" "4.0.0"

"loose-envify@^1.1.0":
  "integrity" "sha512-lyuxPGr/Wfhrlem2CL/UcnUc1zcqKAImBDzukY7Y5F/yQiNdko6+fRLevlw1HgMySw7f611UIY408EtxRSoK3Q=="
  "resolved" "https://registry.npmjs.org/loose-envify/-/loose-envify-1.4.0.tgz"
  "version" "1.4.0"
  dependencies:
    "js-tokens" "^3.0.0 || ^4.0.0"

"object-assign@^4.1.1":
  "integrity" "sha1-IQmtx5ZYh8/AXLvUQsrIv7s2CGM="
  "resolved" "https://registry.npmjs.org/object-assign/-/object-assign-4.1.1.tgz"
  "version" "4.1.1"

"react-dom@^17.0.2", "react-dom@>=16.8":
  "integrity" "sha512-s4h96KtLDUQlsENhMn1ar8t2bEa+q/YAtj8pPPdIjPDGBDIVNsrD9aXNWqspUe6AzKCIG0C1HZZLqLV7qpOBGA=="
  "resolved" "https://registry.npmjs.org/react-dom/-/react-dom-17.0.2.tgz"
  "version" "17.0.2"
  dependencies:
    "loose-envify" "^1.1.0"
    "object-assign" "^4.1.1"
    "scheduler" "^0.20.2"

"react-router-dom@^6.2.2":
  "integrity" "sha512-AtYEsAST7bDD4dLSQHDnk/qxWLJdad5t1HFa1qJyUrCeGgEuCSw0VB/27ARbF9Fi/W5598ujvJOm3ujUCVzuYQ=="
  "resolved" "https://registry.npmjs.org/react-router-dom/-/react-router-dom-6.2.2.tgz"
  "version" "6.2.2"
  dependencies:
    "history" "^5.2.0"
    "react-router" "6.2.2"

"react-router@6.2.2":
  "integrity" "sha512-/MbxyLzd7Q7amp4gDOGaYvXwhEojkJD5BtExkuKmj39VEE0m3l/zipf6h2WIB2jyAO0lI6NGETh4RDcktRm4AQ=="
  "resolved" "https://registry.npmjs.org/react-router/-/react-router-6.2.2.tgz"
  "version" "6.2.2"
  dependencies:
    "history" "^5.2.0"

"react@^17.0.2", "react@>=16.8", "react@17.0.2":
  "integrity" "sha512-gnhPt75i/dq/z3/6q/0asP78D0u592D5L1pd7M8P+dck6Fu/jJeL6iVVK23fptSUZj8Vjf++7wXA8UNclGQcbA=="
  "resolved" "https://registry.npmjs.org/react/-/react-17.0.2.tgz"
  "version" "17.0.2"
  dependencies:
    "loose-envify" "^1.1.0"
    "object-assign" "^4.1.1"

"regenerator-runtime@^0.13.4":
  "integrity" "sha512-p3VT+cOEgxFsRRA9X4lkI1E+k2/CtnKtU4gcxyaCUreilL/vqI6CdZ3wxVUx3UOUg+gnUOQQcRI7BmSI656MYA=="
  "resolved" "https://registry.npmjs.org/regenerator-runtime/-/regenerator-runtime-0.13.9.tgz"
  "version" "0.13.9"

"scheduler@^0.20.2":
  "integrity" "sha512-2eWfGgAqqWFGqtdMmcL5zCMK1U8KlXv8SQFGglL3CEtd0aDVDWgeF/YoCmvln55m5zSk3J/20hTaSBeSObsQDQ=="
  "resolved" "https://registry.npmjs.org/scheduler/-/scheduler-0.20.2.tgz"
  "version" "0.20.2"
  dependencies:
    "loose-envify" "^1.1.0"
    "object-assign" "^4.1.1"

"typescript@^4.6.2":
  "integrity" "sha512-HM/hFigTBHZhLXshn9sN37H085+hQGeJHJ/X7LpBWLID/fbc2acUMfU+lGD98X81sKP+pFa9f0DZmCwB9GnbAg=="
  "resolved" "https://registry.npmjs.org/typescript/-/typescript-4.6.2.tgz"
  "version" "4.6.2"
